
Microsoft Visual Studio Solution File, Format Version 12.00
# Visual Studio Version 17
VisualStudioVersion = 17.13.35931.197 d17.13
MinimumVisualStudioVersion = 10.0.40219.1
Project("{FAE04EC0-301F-11D3-BF4B-00C04F79EFBC}") = "OOP_Assignment_2_B231210041", "OOP_Assignment_2_B231210041.csproj", "{AE3D816D-4125-4228-B129-D73ACFEB0FAF}"
EndProject
Global
	GlobalSection(SolutionConfigurationPlatforms) = preSolution
		Debug|Any CPU = Debug|Any CPU
		Release|Any CPU = Release|Any CPU
	EndGlobalSection
	GlobalSection(ProjectConfigurationPlatforms) = postSolution
		{AE3D816D-4125-4228-B129-D73ACFEB0FAF}.Debug|Any CPU.ActiveCfg = Debug|Any CPU
		{AE3D816D-4125-4228-B129-D73ACFEB0FAF}.Debug|Any CPU.Build.0 = Debug|Any CPU
		{AE3D816D-4125-4228-B129-D73ACFEB0FAF}.Release|Any CPU.ActiveCfg = Release|Any CPU
		{AE3D816D-4125-4228-B129-D73ACFEB0FAF}.Release|Any CPU.Build.0 = Release|Any CPU
	EndGlobalSection
	GlobalSection(SolutionProperties) = preSolution
		HideSolutionNode = FALSE
	EndGlobalSection
	GlobalSection(ExtensibilityGlobals) = postSolution
		SolutionGuid = {59E04391-8CE3-4084-B240-910CE548FC8C}
	EndGlobalSection
EndGlobal
